{
  "name": "be-reflective",
  "version": "0.0.0",
  "lockfileVersion": 1,
  "requires": true,
  "dependencies": {
    "css-observe": {
      "version": "0.0.54",
      "resolved": "https://registry.npmjs.org/css-observe/-/css-observe-0.0.54.tgz",
      "integrity": "sha512-SraoVn3u2+zWWLHJpcBXedQFLrrCW8PcKE/iQPXzcB8YKzTDGJR2riBQRvWlKtBTirZ7dHTcNi1DzY7g5Uj7Dw==",
      "requires": {
        "trans-render": "0.0.369"
      }
    },
    "trans-render": {
      "version": "0.0.369",
      "resolved": "https://registry.npmjs.org/trans-render/-/trans-render-0.0.369.tgz",
      "integrity": "sha512-1kFojh+RVqn0v2V/v1STHUvVfnPHrWsn0dglmheMIB+gZ6fHc91UXdvla4w9/gTVSRpa0H9ihT5RG3ZjI4njRQ=="
    },
    "xtal-decor": {
      "version": "0.0.36",
      "resolved": "https://registry.npmjs.org/xtal-decor/-/xtal-decor-0.0.36.tgz",
      "integrity": "sha512-UvEcrNid4yx+dKPUb3CvuyjOezic8bE3nuPKpO/nKwfhEe/Pczz3/eK9GMSuuH05ZUQ+a/wa0RGhydgkLavVfA==",
      "requires": {
        "css-observe": "0.0.54",
        "trans-render": "0.0.369",
        "xtal-element": "0.0.439"
      }
    },
    "xtal-element": {
      "version": "0.0.439",
      "resolved": "https://registry.npmjs.org/xtal-element/-/xtal-element-0.0.439.tgz",
      "integrity": "sha512-TwFZ+MAsCwwFoI24HCEkNKE9BlYVLDhlT0cgL8F5Gbr8+A6j+MLIPtDxpAsYEzFZ14WaGOlq3v+DSFgbchtuYw==",
      "requires": {
        "trans-render": "0.0.369"
      }
    }
  }
}
